// !$*UTF8*$!
{
	archiveVersion = 1;
	classes = {
	};
	objectVersion = 50;
	objects = {

/* Begin PBXBuildFile section */
		3609DBBC2453A05300ACB6AA /* non_max_suppress.c in Sources */ = {isa = PBXBuildFile; fileRef = 3609DBBB2453A05300ACB6AA /* non_max_suppress.c */; };
		362843DC2455266A00E3C75B /* find_edges.c in Sources */ = {isa = PBXBuildFile; fileRef = 362843DB2455266A00E3C75B /* find_edges.c */; };
		362ECC5D24396B5600E31FE4 /* main.c in Sources */ = {isa = PBXBuildFile; fileRef = 362ECC5C24396B5600E31FE4 /* main.c */; };
		3649C1EF2439B5A7006595A6 /* blur_filter.c in Sources */ = {isa = PBXBuildFile; fileRef = 3649C1EE2439B5A7006595A6 /* blur_filter.c */; };
		3659985E2454C4810030AC40 /* blur_filter_test.c in Sources */ = {isa = PBXBuildFile; fileRef = 3659985D2454C4810030AC40 /* blur_filter_test.c */; };
		365998602454C52C0030AC40 /* estimate_grad_test.c in Sources */ = {isa = PBXBuildFile; fileRef = 3659985F2454C52C0030AC40 /* estimate_grad_test.c */; };
		365998622454C5A00030AC40 /* non_max_suppress_test.c in Sources */ = {isa = PBXBuildFile; fileRef = 365998612454C5A00030AC40 /* non_max_suppress_test.c */; };
		365998642454C61A0030AC40 /* utility_functions_test.c in Sources */ = {isa = PBXBuildFile; fileRef = 365998632454C61A0030AC40 /* utility_functions_test.c */; };
		3699D318244419C30017ED38 /* estimate_grad.c in Sources */ = {isa = PBXBuildFile; fileRef = 3699D317244419C30017ED38 /* estimate_grad.c */; };
		36ADAA27247B776100DA8ABC /* edge_detection.c in Sources */ = {isa = PBXBuildFile; fileRef = 36ADAA26247B776100DA8ABC /* edge_detection.c */; };
		36F73C00243A9CE000BA63F3 /* utility_functions.c in Sources */ = {isa = PBXBuildFile; fileRef = 36F73BFF243A9CE000BA63F3 /* utility_functions.c */; };
/* End PBXBuildFile section */

/* Begin PBXCopyFilesBuildPhase section */
		362ECC5724396B5600E31FE4 /* CopyFiles */ = {
			isa = PBXCopyFilesBuildPhase;
			buildActionMask = 2147483647;
			dstPath = /usr/share/man/man1/;
			dstSubfolderSpec = 0;
			files = (
			);
			runOnlyForDeploymentPostprocessing = 1;
		};
/* End PBXCopyFilesBuildPhase section */

/* Begin PBXFileReference section */
		3609DBBA2453A05300ACB6AA /* non_max_suppress.h */ = {isa = PBXFileReference; lastKnownFileType = sourcecode.c.h; path = non_max_suppress.h; sourceTree = "<group>"; };
		3609DBBB2453A05300ACB6AA /* non_max_suppress.c */ = {isa = PBXFileReference; lastKnownFileType = sourcecode.c.c; path = non_max_suppress.c; sourceTree = "<group>"; };
		362843DA2455266A00E3C75B /* find_edges.h */ = {isa = PBXFileReference; lastKnownFileType = sourcecode.c.h; path = find_edges.h; sourceTree = "<group>"; };
		362843DB2455266A00E3C75B /* find_edges.c */ = {isa = PBXFileReference; lastKnownFileType = sourcecode.c.c; path = find_edges.c; sourceTree = "<group>"; };
		362ECC5924396B5600E31FE4 /* Computer Vision Algorithms */ = {isa = PBXFileReference; explicitFileType = "compiled.mach-o.executable"; includeInIndex = 0; path = "Computer Vision Algorithms"; sourceTree = BUILT_PRODUCTS_DIR; };
		362ECC5C24396B5600E31FE4 /* main.c */ = {isa = PBXFileReference; lastKnownFileType = sourcecode.c.c; path = main.c; sourceTree = "<group>"; };
		3649C1ED2439B5A7006595A6 /* blur_filter.h */ = {isa = PBXFileReference; lastKnownFileType = sourcecode.c.h; path = blur_filter.h; sourceTree = "<group>"; };
		3649C1EE2439B5A7006595A6 /* blur_filter.c */ = {isa = PBXFileReference; lastKnownFileType = sourcecode.c.c; path = blur_filter.c; sourceTree = "<group>"; };
		3659985D2454C4810030AC40 /* blur_filter_test.c */ = {isa = PBXFileReference; lastKnownFileType = sourcecode.c.c; path = blur_filter_test.c; sourceTree = "<group>"; };
		3659985F2454C52C0030AC40 /* estimate_grad_test.c */ = {isa = PBXFileReference; lastKnownFileType = sourcecode.c.c; path = estimate_grad_test.c; sourceTree = "<group>"; };
		365998612454C5A00030AC40 /* non_max_suppress_test.c */ = {isa = PBXFileReference; lastKnownFileType = sourcecode.c.c; path = non_max_suppress_test.c; sourceTree = "<group>"; };
		365998632454C61A0030AC40 /* utility_functions_test.c */ = {isa = PBXFileReference; lastKnownFileType = sourcecode.c.c; path = utility_functions_test.c; sourceTree = "<group>"; };
		3699D316244419C30017ED38 /* estimate_grad.h */ = {isa = PBXFileReference; lastKnownFileType = sourcecode.c.h; path = estimate_grad.h; sourceTree = "<group>"; };
		3699D317244419C30017ED38 /* estimate_grad.c */ = {isa = PBXFileReference; lastKnownFileType = sourcecode.c.c; path = estimate_grad.c; sourceTree = "<group>"; };
		36ADAA25247B776100DA8ABC /* edge_detection.h */ = {isa = PBXFileReference; lastKnownFileType = sourcecode.c.h; path = edge_detection.h; sourceTree = "<group>"; };
		36ADAA26247B776100DA8ABC /* edge_detection.c */ = {isa = PBXFileReference; lastKnownFileType = sourcecode.c.c; path = edge_detection.c; sourceTree = "<group>"; };
		36F73BFE243A9CE000BA63F3 /* utility_functions.h */ = {isa = PBXFileReference; lastKnownFileType = sourcecode.c.h; path = utility_functions.h; sourceTree = "<group>"; };
		36F73BFF243A9CE000BA63F3 /* utility_functions.c */ = {isa = PBXFileReference; lastKnownFileType = sourcecode.c.c; path = utility_functions.c; sourceTree = "<group>"; };
		36F73C03243ACF1400BA63F3 /* structs_and_constants.h */ = {isa = PBXFileReference; lastKnownFileType = sourcecode.c.h; path = structs_and_constants.h; sourceTree = "<group>"; };
/* End PBXFileReference section */

/* Begin PBXFrameworksBuildPhase section */
		362ECC5624396B5600E31FE4 /* Frameworks */ = {
			isa = PBXFrameworksBuildPhase;
			buildActionMask = 2147483647;
			files = (
			);
			runOnlyForDeploymentPostprocessing = 0;
		};
/* End PBXFrameworksBuildPhase section */

/* Begin PBXGroup section */
		360D8E4D248EC86F00D6C3F4 /* Header Files */ = {
			isa = PBXGroup;
			children = (
				36F73C03243ACF1400BA63F3 /* structs_and_constants.h */,
				36ADAA25247B776100DA8ABC /* edge_detection.h */,
				3649C1ED2439B5A7006595A6 /* blur_filter.h */,
				3699D316244419C30017ED38 /* estimate_grad.h */,
				3609DBBA2453A05300ACB6AA /* non_max_suppress.h */,
				362843DA2455266A00E3C75B /* find_edges.h */,
				36F73BFE243A9CE000BA63F3 /* utility_functions.h */,
			);
			path = "Header Files";
			sourceTree = "<group>";
		};
		360D8E4E248EC8C500D6C3F4 /* Source Files */ = {
			isa = PBXGroup;
			children = (
				36ADAA26247B776100DA8ABC /* edge_detection.c */,
				3649C1EE2439B5A7006595A6 /* blur_filter.c */,
				3699D317244419C30017ED38 /* estimate_grad.c */,
				3609DBBB2453A05300ACB6AA /* non_max_suppress.c */,
				362843DB2455266A00E3C75B /* find_edges.c */,
				36F73BFF243A9CE000BA63F3 /* utility_functions.c */,
			);
			path = "Source Files";
			sourceTree = "<group>";
		};
		362ECC5024396B5600E31FE4 = {
			isa = PBXGroup;
			children = (
				362ECC5B24396B5600E31FE4 /* Computer Vision Algorithms */,
				362ECC5A24396B5600E31FE4 /* Products */,
			);
			sourceTree = "<group>";
			usesTabs = 1;
		};
		362ECC5A24396B5600E31FE4 /* Products */ = {
			isa = PBXGroup;
			children = (
				362ECC5924396B5600E31FE4 /* Computer Vision Algorithms */,
			);
			name = Products;
			sourceTree = "<group>";
		};
		362ECC5B24396B5600E31FE4 /* Computer Vision Algorithms */ = {
			isa = PBXGroup;
			children = (
				360D8E4D248EC86F00D6C3F4 /* Header Files */,
				360D8E4E248EC8C500D6C3F4 /* Source Files */,
				3659985C2454C3400030AC40 /* Unit Tests */,
				362ECC5C24396B5600E31FE4 /* main.c */,
			);
			path = "Computer Vision Algorithms";
			sourceTree = "<group>";
		};
		3659985C2454C3400030AC40 /* Unit Tests */ = {
			isa = PBXGroup;
			children = (
				3659985D2454C4810030AC40 /* blur_filter_test.c */,
				3659985F2454C52C0030AC40 /* estimate_grad_test.c */,
				365998612454C5A00030AC40 /* non_max_suppress_test.c */,
				365998632454C61A0030AC40 /* utility_functions_test.c */,
			);
			path = "Unit Tests";
			sourceTree = "<group>";
		};
/* End PBXGroup section */

/* Begin PBXNativeTarget section */
		362ECC5824396B5600E31FE4 /* Computer Vision Algorithms */ = {
			isa = PBXNativeTarget;
			buildConfigurationList = 362ECC6024396B5600E31FE4 /* Build configuration list for PBXNativeTarget "Computer Vision Algorithms" */;
			buildPhases = (
				362ECC5524396B5600E31FE4 /* Sources */,
				362ECC5624396B5600E31FE4 /* Frameworks */,
				362ECC5724396B5600E31FE4 /* CopyFiles */,
			);
			buildRules = (
			);
			dependencies = (
			);
			name = "Computer Vision Algorithms";
			productName = "Computer Vision Algorithms";
			productReference = 362ECC5924396B5600E31FE4 /* Computer Vision Algorithms */;
			productType = "com.apple.product-type.tool";
		};
/* End PBXNativeTarget section */

/* Begin PBXProject section */
		362ECC5124396B5600E31FE4 /* Project object */ = {
			isa = PBXProject;
			attributes = {
				LastUpgradeCheck = 1150;
				ORGANIZATIONNAME = "Shanti Stewart";
				TargetAttributes = {
					362ECC5824396B5600E31FE4 = {
						CreatedOnToolsVersion = 11.4;
					};
				};
			};
			buildConfigurationList = 362ECC5424396B5600E31FE4 /* Build configuration list for PBXProject "Computer Vision Algorithms" */;
			compatibilityVersion = "Xcode 9.3";
			developmentRegion = en;
			hasScannedForEncodings = 0;
			knownRegions = (
				en,
				Base,
			);
			mainGroup = 362ECC5024396B5600E31FE4;
			productRefGroup = 362ECC5A24396B5600E31FE4 /* Products */;
			projectDirPath = "";
			projectRoot = "";
			targets = (
				362ECC5824396B5600E31FE4 /* Computer Vision Algorithms */,
			);
		};
/* End PBXProject section */

/* Begin PBXSourcesBuildPhase section */
		362ECC5524396B5600E31FE4 /* Sources */ = {
			isa = PBXSourcesBuildPhase;
			buildActionMask = 2147483647;
			files = (
				36ADAA27247B776100DA8ABC /* edge_detection.c in Sources */,
				36F73C00243A9CE000BA63F3 /* utility_functions.c in Sources */,
				3699D318244419C30017ED38 /* estimate_grad.c in Sources */,
				362843DC2455266A00E3C75B /* find_edges.c in Sources */,
				365998622454C5A00030AC40 /* non_max_suppress_test.c in Sources */,
				365998602454C52C0030AC40 /* estimate_grad_test.c in Sources */,
				3649C1EF2439B5A7006595A6 /* blur_filter.c in Sources */,
				3609DBBC2453A05300ACB6AA /* non_max_suppress.c in Sources */,
				362ECC5D24396B5600E31FE4 /* main.c in Sources */,
				3659985E2454C4810030AC40 /* blur_filter_test.c in Sources */,
				365998642454C61A0030AC40 /* utility_functions_test.c in Sources */,
			);
			runOnlyForDeploymentPostprocessing = 0;
		};
/* End PBXSourcesBuildPhase section */

/* Begin XCBuildConfiguration section */
		362ECC5E24396B5600E31FE4 /* Debug */ = {
			isa = XCBuildConfiguration;
			buildSettings = {
				ALWAYS_SEARCH_USER_PATHS = NO;
				CLANG_ANALYZER_NONNULL = YES;
				CLANG_ANALYZER_NUMBER_OBJECT_CONVERSION = YES_AGGRESSIVE;
				CLANG_CXX_LANGUAGE_STANDARD = "gnu++14";
				CLANG_CXX_LIBRARY = "libc++";
				CLANG_ENABLE_MODULES = YES;
				CLANG_ENABLE_OBJC_ARC = YES;
				CLANG_ENABLE_OBJC_WEAK = YES;
				CLANG_WARN_BLOCK_CAPTURE_AUTORELEASING = YES;
				CLANG_WARN_BOOL_CONVERSION = YES;
				CLANG_WARN_COMMA = YES;
				CLANG_WARN_CONSTANT_CONVERSION = YES;
				CLANG_WARN_DEPRECATED_OBJC_IMPLEMENTATIONS = YES;
				CLANG_WARN_DIRECT_OBJC_ISA_USAGE = YES_ERROR;
				CLANG_WARN_DOCUMENTATION_COMMENTS = YES;
				CLANG_WARN_EMPTY_BODY = YES;
				CLANG_WARN_ENUM_CONVERSION = YES;
				CLANG_WARN_INFINITE_RECURSION = YES;
				CLANG_WARN_INT_CONVERSION = YES;
				CLANG_WARN_NON_LITERAL_NULL_CONVERSION = YES;
				CLANG_WARN_OBJC_IMPLICIT_RETAIN_SELF = YES;
				CLANG_WARN_OBJC_LITERAL_CONVERSION = YES;
				CLANG_WARN_OBJC_ROOT_CLASS = YES_ERROR;
				CLANG_WARN_RANGE_LOOP_ANALYSIS = YES;
				CLANG_WARN_STRICT_PROTOTYPES = YES;
				CLANG_WARN_SUSPICIOUS_MOVE = YES;
				CLANG_WARN_UNGUARDED_AVAILABILITY = YES_AGGRESSIVE;
				CLANG_WARN_UNREACHABLE_CODE = YES;
				CLANG_WARN__DUPLICATE_METHOD_MATCH = YES;
				COPY_PHASE_STRIP = NO;
				DEBUG_INFORMATION_FORMAT = dwarf;
				ENABLE_STRICT_OBJC_MSGSEND = YES;
				ENABLE_TESTABILITY = YES;
				GCC_C_LANGUAGE_STANDARD = gnu11;
				GCC_DYNAMIC_NO_PIC = NO;
				GCC_NO_COMMON_BLOCKS = YES;
				GCC_OPTIMIZATION_LEVEL = 0;
				GCC_PREPROCESSOR_DEFINITIONS = (
					"DEBUG=1",
					"$(inherited)",
				);
				GCC_WARN_64_TO_32_BIT_CONVERSION = YES;
				GCC_WARN_ABOUT_RETURN_TYPE = YES_ERROR;
				GCC_WARN_UNDECLARED_SELECTOR = YES;
				GCC_WARN_UNINITIALIZED_AUTOS = YES_AGGRESSIVE;
				GCC_WARN_UNUSED_FUNCTION = YES;
				GCC_WARN_UNUSED_VARIABLE = YES;
				MACOSX_DEPLOYMENT_TARGET = 10.15;
				MTL_ENABLE_DEBUG_INFO = INCLUDE_SOURCE;
				MTL_FAST_MATH = YES;
				ONLY_ACTIVE_ARCH = YES;
				SDKROOT = macosx;
			};
			name = Debug;
		};
		362ECC5F24396B5600E31FE4 /* Release */ = {
			isa = XCBuildConfiguration;
			buildSettings = {
				ALWAYS_SEARCH_USER_PATHS = NO;
				CLANG_ANALYZER_NONNULL = YES;
				CLANG_ANALYZER_NUMBER_OBJECT_CONVERSION = YES_AGGRESSIVE;
				CLANG_CXX_LANGUAGE_STANDARD = "gnu++14";
				CLANG_CXX_LIBRARY = "libc++";
				CLANG_ENABLE_MODULES = YES;
				CLANG_ENABLE_OBJC_ARC = YES;
				CLANG_ENABLE_OBJC_WEAK = YES;
				CLANG_WARN_BLOCK_CAPTURE_AUTORELEASING = YES;
				CLANG_WARN_BOOL_CONVERSION = YES;
				CLANG_WARN_COMMA = YES;
				CLANG_WARN_CONSTANT_CONVERSION = YES;
				CLANG_WARN_DEPRECATED_OBJC_IMPLEMENTATIONS = YES;
				CLANG_WARN_DIRECT_OBJC_ISA_USAGE = YES_ERROR;
				CLANG_WARN_DOCUMENTATION_COMMENTS = YES;
				CLANG_WARN_EMPTY_BODY = YES;
				CLANG_WARN_ENUM_CONVERSION = YES;
				CLANG_WARN_INFINITE_RECURSION = YES;
				CLANG_WARN_INT_CONVERSION = YES;
				CLANG_WARN_NON_LITERAL_NULL_CONVERSION = YES;
				CLANG_WARN_OBJC_IMPLICIT_RETAIN_SELF = YES;
				CLANG_WARN_OBJC_LITERAL_CONVERSION = YES;
				CLANG_WARN_OBJC_ROOT_CLASS = YES_ERROR;
				CLANG_WARN_RANGE_LOOP_ANALYSIS = YES;
				CLANG_WARN_STRICT_PROTOTYPES = YES;
				CLANG_WARN_SUSPICIOUS_MOVE = YES;
				CLANG_WARN_UNGUARDED_AVAILABILITY = YES_AGGRESSIVE;
				CLANG_WARN_UNREACHABLE_CODE = YES;
				CLANG_WARN__DUPLICATE_METHOD_MATCH = YES;
				COPY_PHASE_STRIP = NO;
				DEBUG_INFORMATION_FORMAT = "dwarf-with-dsym";
				ENABLE_NS_ASSERTIONS = NO;
				ENABLE_STRICT_OBJC_MSGSEND = YES;
				GCC_C_LANGUAGE_STANDARD = gnu11;
				GCC_NO_COMMON_BLOCKS = YES;
				GCC_WARN_64_TO_32_BIT_CONVERSION = YES;
				GCC_WARN_ABOUT_RETURN_TYPE = YES_ERROR;
				GCC_WARN_UNDECLARED_SELECTOR = YES;
				GCC_WARN_UNINITIALIZED_AUTOS = YES_AGGRESSIVE;
				GCC_WARN_UNUSED_FUNCTION = YES;
				GCC_WARN_UNUSED_VARIABLE = YES;
				MACOSX_DEPLOYMENT_TARGET = 10.15;
				MTL_ENABLE_DEBUG_INFO = NO;
				MTL_FAST_MATH = YES;
				SDKROOT = macosx;
			};
			name = Release;
		};
		362ECC6124396B5600E31FE4 /* Debug */ = {
			isa = XCBuildConfiguration;
			buildSettings = {
				CODE_SIGN_IDENTITY = "-";
				CODE_SIGN_STYLE = Automatic;
				DEVELOPMENT_TEAM = 5BQ64FPCG2;
				ENABLE_HARDENED_RUNTIME = YES;
				PRODUCT_NAME = "$(TARGET_NAME)";
			};
			name = Debug;
		};
		362ECC6224396B5600E31FE4 /* Release */ = {
			isa = XCBuildConfiguration;
			buildSettings = {
				CODE_SIGN_IDENTITY = "-";
				CODE_SIGN_STYLE = Automatic;
				DEVELOPMENT_TEAM = 5BQ64FPCG2;
				ENABLE_HARDENED_RUNTIME = YES;
				PRODUCT_NAME = "$(TARGET_NAME)";
			};
			name = Release;
		};
/* End XCBuildConfiguration section */

/* Begin XCConfigurationList section */
		362ECC5424396B5600E31FE4 /* Build configuration list for PBXProject "Computer Vision Algorithms" */ = {
			isa = XCConfigurationList;
			buildConfigurations = (
				362ECC5E24396B5600E31FE4 /* Debug */,
				362ECC5F24396B5600E31FE4 /* Release */,
			);
			defaultConfigurationIsVisible = 0;
			defaultConfigurationName = Release;
		};
		362ECC6024396B5600E31FE4 /* Build configuration list for PBXNativeTarget "Computer Vision Algorithms" */ = {
			isa = XCConfigurationList;
			buildConfigurations = (
				362ECC6124396B5600E31FE4 /* Debug */,
				362ECC6224396B5600E31FE4 /* Release */,
			);
			defaultConfigurationIsVisible = 0;
			defaultConfigurationName = Release;
		};
/* End XCConfigurationList section */
	};
	rootObject = 362ECC5124396B5600E31FE4 /* Project object */;
}
